{
  "lockfile-version": 1,
  "manifest": {
    "schema-version": "1.11.0",
    "install": {
      "erlang": {
        "pkg-path": "erlang"
      },
      "gleam": {
        "pkg-path": "gleam"
      },
      "just": {
        "pkg-path": "just"
      },
      "uv": {
        "pkg-path": "uv"
      }
    },
    "hook": {},
    "profile": {},
    "options": {}
  },
  "packages": [
    {
      "attr_path": "erlang",
      "broken": false,
      "derivation": "/nix/store/r9cgx31f1cqpkzfyvazl1wvkql39knvy-erlang-28.5.drv",
      "description": "Programming language used for massively scalable soft real-time systems",
      "install_id": "erlang",
      "license": "Apache-2.0",
      "locked_url": "https://github.com/flox/nixpkgs?rev=64c08a7ca051951c8eae34e3e3cb1e202fe36786",
      "name": "erlang-28.5",
      "pname": "erlang",
      "rev": "64c08a7ca051951c8eae34e3e3cb1e202fe36786",
      "rev_count": 1004030,
      "rev_date": "2026-05-23T18:24:25Z",
      "scrape_date": "2026-05-26T07:06:03.461245Z",
      "stabilities": [
        "staging",
        "unstable"
      ],
      "unfree": false,
      "version": "28.5",
      "outputs_to_install": [
        "out"
      ],
      "outputs": {
        "out": "/nix/store/r20pnqllrgikr7iyq3zspdc7kvn6jrpp-erlang-28.5"
      },
      "system": "aarch64-darwin",
      "group": "toplevel",
      "priority": 5
    },
    {
      "attr_path": "erlang",
      "broken": false,
      "derivation": "/nix/store/x8agyn0n22bbnn1f0wv330mxmik2iyl3-erlang-28.5.drv",
      "description": "Programming language used for massively scalable soft real-time systems",
      "install_id": "erlang",
      "license": "Apache-2.0",
      "locked_url": "https://github.com/flox/nixpkgs?rev=64c08a7ca051951c8eae34e3e3cb1e202fe36786",
      "name": "erlang-28.5",
      "pname": "erlang",
      "rev": "64c08a7ca051951c8eae34e3e3cb1e202fe36786",
      "rev_count": 1004030,
      "rev_date": "2026-05-23T18:24:25Z",
      "scrape_date": "2026-05-26T07:34:26.972044Z",
      "stabilities": [
        "staging",
        "unstable"
      ],
      "unfree": false,
      "version": "28.5",
      "outputs_to_install": [
        "out"
      ],
      "outputs": {
        "out": "/nix/store/jhpy6z9a9gg1k07w3zh39cj3b0g7djlz-erlang-28.5"
      },
      "system": "aarch64-linux",
      "group": "toplevel",
      "priority": 5
    },
    {
      "attr_path": "erlang",
      "broken": false,
      "derivation": "/nix/store/336fycd9h3fh7r96dhh1s7b6gdspzhvj-erlang-28.5.drv",
      "description": "Programming language used for massively scalable soft real-time systems",
      "install_id": "erlang",
      "license": "Apache-2.0",
      "locked_url": "https://github.com/flox/nixpkgs?rev=64c08a7ca051951c8eae34e3e3cb1e202fe36786",
      "name": "erlang-28.5",
      "pname": "erlang",
      "rev": "64c08a7ca051951c8eae34e3e3cb1e202fe36786",
      "rev_count": 1004030,
      "rev_date": "2026-05-23T18:24:25Z",
      "scrape_date": "2026-05-26T08:02:12.659443Z",
      "stabilities": [
        "staging",
        "unstable"
      ],
      "unfree": false,
      "version": "28.5",
      "outputs_to_install": [
        "out"
      ],
      "outputs": {
        "out": "/nix/store/c617g2flmr2d071szi5fyz3bqw2y7y0c-erlang-28.5"
      },
      "system": "x86_64-darwin",
      "group": "toplevel",
      "priority": 5
    },
    {
      "attr_path": "erlang",
      "broken": false,
      "derivation": "/nix/store/60mzsc759qlvh6nx0dnl2pmwbm9x8zgj-erlang-28.5.drv",
      "description": "Programming language used for massively scalable soft real-time systems",
      "install_id": "erlang",
      "license": "Apache-2.0",
      "locked_url": "https://github.com/flox/nixpkgs?rev=64c08a7ca051951c8eae34e3e3cb1e202fe36786",
      "name": "erlang-28.5",
      "pname": "erlang",
      "rev": "64c08a7ca051951c8eae34e3e3cb1e202fe36786",
      "rev_count": 1004030,
      "rev_date": "2026-05-23T18:24:25Z",
      "scrape_date": "2026-05-26T08:32:52.134857Z",
      "stabilities": [
        "staging",
        "unstable"
      ],
      "unfree": false,
      "version": "28.5",
      "outputs_to_install": [
        "out"
      ],
      "outputs": {
        "out": "/nix/store/bbwycsdrdxcjxpjgf4k5g8vva5bb7hqq-erlang-28.5"
      },
      "system": "x86_64-linux",
      "group": "toplevel",
      "priority": 5
    },
    {
      "attr_path": "gleam",
      "broken": false,
      "derivation": "/nix/store/ymrzblgym479sq190aaccnjvf5vkjfvs-gleam-1.16.0.drv",
      "description": "Statically typed language for the Erlang VM",
      "install_id": "gleam",
      "license": "Apache-2.0",
      "locked_url": "https://github.com/flox/nixpkgs?rev=64c08a7ca051951c8eae34e3e3cb1e202fe36786",
      "name": "gleam-1.16.0",
      "pname": "gleam",
      "rev": "64c08a7ca051951c8eae34e3e3cb1e202fe36786",
      "rev_count": 1004030,
      "rev_date": "2026-05-23T18:24:25Z",
      "scrape_date": "2026-05-26T07:06:03.931668Z",
      "stabilities": [
        "staging",
        "unstable"
      ],
      "unfree": false,
      "version": "1.16.0",
      "outputs_to_install": [
        "out"
      ],
      "outputs": {
        "out": "/nix/store/lbm59cb66dah4n5dzizf3z47ccr0hjj4-gleam-1.16.0"
      },
      "system": "aarch64-darwin",
      "group": "toplevel",
      "priority": 5
    },
    {
      "attr_path": "gleam",
      "broken": false,
      "derivation": "/nix/store/sy46d3h28dx7fp5jzxd59r3ljvra79k4-gleam-1.16.0.drv",
      "description": "Statically typed language for the Erlang VM",
      "install_id": "gleam",
      "license": "Apache-2.0",
      "locked_url": "https://github.com/flox/nixpkgs?rev=64c08a7ca051951c8eae34e3e3cb1e202fe36786",
      "name": "gleam-1.16.0",
      "pname": "gleam",
      "rev": "64c08a7ca051951c8eae34e3e3cb1e202fe36786",
      "rev_count": 1004030,
      "rev_date": "2026-05-23T18:24:25Z",
      "scrape_date": "2026-05-26T07:34:27.681210Z",
      "stabilities": [
        "staging",
        "unstable"
      ],
      "unfree": false,
      "version": "1.16.0",
      "outputs_to_install": [
        "out"
      ],
      "outputs": {
        "out": "/nix/store/9561mf5gsiwlkrdw5a3dcni59pp55j57-gleam-1.16.0"
      },
      "system": "aarch64-linux",
      "group": "toplevel",
      "priority": 5
    },
    {
      "attr_path": "gleam",
      "broken": false,
      "derivation": "/nix/store/pqa6rxhp5apdl4gd5bvkx0ibh8kcjkb6-gleam-1.16.0.drv",
      "description": "Statically typed language for the Erlang VM",
      "install_id": "gleam",
      "license": "Apache-2.0",
      "locked_url": "https://github.com/flox/nixpkgs?rev=64c08a7ca051951c8eae34e3e3cb1e202fe36786",
      "name": "gleam-1.16.0",
      "pname": "gleam",
      "rev": "64c08a7ca051951c8eae34e3e3cb1e202fe36786",
      "rev_count": 1004030,
      "rev_date": "2026-05-23T18:24:25Z",
      "scrape_date": "2026-05-26T08:02:13.106349Z",
      "stabilities": [
        "staging",
        "unstable"
      ],
      "unfree": false,
      "version": "1.16.0",
      "outputs_to_install": [
        "out"
      ],
      "outputs": {
        "out": "/nix/store/z6ivpfjilqci2ks7hvk3klwal85m165d-gleam-1.16.0"
      },
      "system": "x86_64-darwin",
      "group": "toplevel",
      "priority": 5
    },
    {
      "attr_path": "gleam",
      "broken": false,
      "derivation": "/nix/store/85scvmx5kzjz0hy2dyd7d36128347yhn-gleam-1.16.0.drv",
      "description": "Statically typed language for the Erlang VM",
      "install_id": "gleam",
      "license": "Apache-2.0",
      "locked_url": "https://github.com/flox/nixpkgs?rev=64c08a7ca051951c8eae34e3e3cb1e202fe36786",
      "name": "gleam-1.16.0",
      "pname": "gleam",
      "rev": "64c08a7ca051951c8eae34e3e3cb1e202fe36786",
      "rev_count": 1004030,
      "rev_date": "2026-05-23T18:24:25Z",
      "scrape_date": "2026-05-26T08:32:52.900735Z",
      "stabilities": [
        "staging",
        "unstable"
      ],
      "unfree": false,
      "version": "1.16.0",
      "outputs_to_install": [
        "out"
      ],
      "outputs": {
        "out": "/nix/store/nyaxlf5s4v4v36lfc9fv94sswqj95cim-gleam-1.16.0"
      },
      "system": "x86_64-linux",
      "group": "toplevel",
      "priority": 5
    },
    {
      "attr_path": "just",
      "broken": false,
      "derivation": "/nix/store/5zna38fywzym7bl48g1h13wqvdycbw3a-just-1.51.0.drv",
      "description": "Handy way to save and run project-specific commands",
      "install_id": "just",
      "license": "CC0-1.0",
      "locked_url": "https://github.com/flox/nixpkgs?rev=64c08a7ca051951c8eae34e3e3cb1e202fe36786",
      "name": "just-1.51.0",
      "pname": "just",
      "rev": "64c08a7ca051951c8eae34e3e3cb1e202fe36786",
      "rev_count": 1004030,
      "rev_date": "2026-05-23T18:24:25Z",
      "scrape_date": "2026-05-26T07:06:20.263258Z",
      "stabilities": [
        "staging",
        "unstable"
      ],
      "unfree": false,
      "version": "1.51.0",
      "outputs_to_install": [
        "man",
        "out"
      ],
      "outputs": {
        "doc": "/nix/store/d0n7b7xd2miyja6m2nlzc2szj0gqzgxb-just-1.51.0-doc",
        "man": "/nix/store/48iac05gjz4kjpx605hcgn95an8ary9q-just-1.51.0-man",
        "out": "/nix/store/18ml04rix1526kmcv5fcir6n7cb8lxyf-just-1.51.0"
      },
      "system": "aarch64-darwin",
      "group": "toplevel",
      "priority": 5
    },
    {
      "attr_path": "just",
      "broken": false,
      "derivation": "/nix/store/gr86ih929ihb6y0vvc4wr8ppyw687nxv-just-1.51.0.drv",
      "description": "Handy way to save and run project-specific commands",
      "install_id": "just",
      "license": "CC0-1.0",
      "locked_url": "https://github.com/flox/nixpkgs?rev=64c08a7ca051951c8eae34e3e3cb1e202fe36786",
      "name": "just-1.51.0",
      "pname": "just",
      "rev": "64c08a7ca051951c8eae34e3e3cb1e202fe36786",
      "rev_count": 1004030,
      "rev_date": "2026-05-23T18:24:25Z",
      "scrape_date": "2026-05-26T07:34:48.994051Z",
      "stabilities": [
        "staging",
        "unstable"
      ],
      "unfree": false,
      "version": "1.51.0",
      "outputs_to_install": [
        "man",
        "out"
      ],
      "outputs": {
        "doc": "/nix/store/ppj3c78k6x3bql77f3mgrjjrxb2jjc0q-just-1.51.0-doc",
        "man": "/nix/store/8ygmlmpxmggc2wqbkz1yhf7fz5nwg084-just-1.51.0-man",
        "out": "/nix/store/6q8i59br2gzxnqax4dz3g1fmkwp2mfs2-just-1.51.0"
      },
      "system": "aarch64-linux",
      "group": "toplevel",
      "priority": 5
    },
    {
      "attr_path": "just",
      "broken": false,
      "derivation": "/nix/store/ggxnxxh3pgrwvqf7b3f4djxvvfpxkkcy-just-1.51.0.drv",
      "description": "Handy way to save and run project-specific commands",
      "install_id": "just",
      "license": "CC0-1.0",
      "locked_url": "https://github.com/flox/nixpkgs?rev=64c08a7ca051951c8eae34e3e3cb1e202fe36786",
      "name": "just-1.51.0",
      "pname": "just",
      "rev": "64c08a7ca051951c8eae34e3e3cb1e202fe36786",
      "rev_count": 1004030,
      "rev_date": "2026-05-23T18:24:25Z",
      "scrape_date": "2026-05-26T08:02:29.283119Z",
      "stabilities": [
        "staging",
        "unstable"
      ],
      "unfree": false,
      "version": "1.51.0",
      "outputs_to_install": [
        "man",
        "out"
      ],
      "outputs": {
        "doc": "/nix/store/x5g644hwbjdlij9w37gwgg1z1h4b6qqk-just-1.51.0-doc",
        "man": "/nix/store/144wqvh3s441y05xvzn8m16rhcqbki7d-just-1.51.0-man",
        "out": "/nix/store/7ppiil9ycr565vqgbc18x4rpgbfgcnzy-just-1.51.0"
      },
      "system": "x86_64-darwin",
      "group": "toplevel",
      "priority": 5
    },
    {
      "attr_path": "just",
      "broken": false,
      "derivation": "/nix/store/45c51wm8lisrj4d8p7kshvwyfm3wfnz3-just-1.51.0.drv",
      "description": "Handy way to save and run project-specific commands",
      "install_id": "just",
      "license": "CC0-1.0",
      "locked_url": "https://github.com/flox/nixpkgs?rev=64c08a7ca051951c8eae34e3e3cb1e202fe36786",
      "name": "just-1.51.0",
      "pname": "just",
      "rev": "64c08a7ca051951c8eae34e3e3cb1e202fe36786",
      "rev_count": 1004030,
      "rev_date": "2026-05-23T18:24:25Z",
      "scrape_date": "2026-05-26T08:33:14.456114Z",
      "stabilities": [
        "staging",
        "unstable"
      ],
      "unfree": false,
      "version": "1.51.0",
      "outputs_to_install": [
        "man",
        "out"
      ],
      "outputs": {
        "doc": "/nix/store/r800x8xppg70s00hw3h6x9cxpd6nh06y-just-1.51.0-doc",
        "man": "/nix/store/p04vig0h2hj7hg5vgd74n5nphlcy23l8-just-1.51.0-man",
        "out": "/nix/store/3j32zmchv9wd60qng1mm04yj07wf04i8-just-1.51.0"
      },
      "system": "x86_64-linux",
      "group": "toplevel",
      "priority": 5
    },
    {
      "attr_path": "uv",
      "broken": false,
      "derivation": "/nix/store/5y5rxfnc7qr6l1lxiw8hxk4ily5y1x7c-uv-0.11.16.drv",
      "description": "Extremely fast Python package installer and resolver, written in Rust",
      "install_id": "uv",
      "license": "[ Apache-2.0, MIT ]",
      "locked_url": "https://github.com/flox/nixpkgs?rev=64c08a7ca051951c8eae34e3e3cb1e202fe36786",
      "name": "uv-0.11.16",
      "pname": "uv",
      "rev": "64c08a7ca051951c8eae34e3e3cb1e202fe36786",
      "rev_count": 1004030,
      "rev_date": "2026-05-23T18:24:25Z",
      "scrape_date": "2026-05-26T07:08:36.367103Z",
      "stabilities": [
        "staging",
        "unstable"
      ],
      "unfree": false,
      "version": "0.11.16",
      "outputs_to_install": [
        "out"
      ],
      "outputs": {
        "out": "/nix/store/x4r8sci8i3yzdr7anhvbwgl1xjyvhgfr-uv-0.11.16"
      },
      "system": "aarch64-darwin",
      "group": "toplevel",
      "priority": 5
    },
    {
      "attr_path": "uv",
      "broken": false,
      "derivation": "/nix/store/c5d3sgg376547nb1kmcbsk5fqags2kkv-uv-0.11.16.drv",
      "description": "Extremely fast Python package installer and resolver, written in Rust",
      "install_id": "uv",
      "license": "[ Apache-2.0, MIT ]",
      "locked_url": "https://github.com/flox/nixpkgs?rev=64c08a7ca051951c8eae34e3e3cb1e202fe36786",
      "name": "uv-0.11.16",
      "pname": "uv",
      "rev": "64c08a7ca051951c8eae34e3e3cb1e202fe36786",
      "rev_count": 1004030,
      "rev_date": "2026-05-23T18:24:25Z",
      "scrape_date": "2026-05-26T07:37:59.049235Z",
      "stabilities": [
        "staging",
        "unstable"
      ],
      "unfree": false,
      "version": "0.11.16",
      "outputs_to_install": [
        "out"
      ],
      "outputs": {
        "out": "/nix/store/9h1ajamiaj7zxq1v72zwdg486np93ck0-uv-0.11.16"
      },
      "system": "aarch64-linux",
      "group": "toplevel",
      "priority": 5
    },
    {
      "attr_path": "uv",
      "broken": false,
      "derivation": "/nix/store/xhy52zk3nvayg739rn8l1xrhxhmlnh45-uv-0.11.16.drv",
      "description": "Extremely fast Python package installer and resolver, written in Rust",
      "install_id": "uv",
      "license": "[ Apache-2.0, MIT ]",
      "locked_url": "https://github.com/flox/nixpkgs?rev=64c08a7ca051951c8eae34e3e3cb1e202fe36786",
      "name": "uv-0.11.16",
      "pname": "uv",
      "rev": "64c08a7ca051951c8eae34e3e3cb1e202fe36786",
      "rev_count": 1004030,
      "rev_date": "2026-05-23T18:24:25Z",
      "scrape_date": "2026-05-26T08:04:45.509238Z",
      "stabilities": [
        "staging",
        "unstable"
      ],
      "unfree": false,
      "version": "0.11.16",
      "outputs_to_install": [
        "out"
      ],
      "outputs": {
        "out": "/nix/store/l9ns6x700j1yijay157jahy5kkixg4ka-uv-0.11.16"
      },
      "system": "x86_64-darwin",
      "group": "toplevel",
      "priority": 5
    },
    {
      "attr_path": "uv",
      "broken": false,
      "derivation": "/nix/store/friqv48zwcpmg2g2ag6aak5rgrj6sj2g-uv-0.11.16.drv",
      "description": "Extremely fast Python package installer and resolver, written in Rust",
      "install_id": "uv",
      "license": "[ Apache-2.0, MIT ]",
      "locked_url": "https://github.com/flox/nixpkgs?rev=64c08a7ca051951c8eae34e3e3cb1e202fe36786",
      "name": "uv-0.11.16",
      "pname": "uv",
      "rev": "64c08a7ca051951c8eae34e3e3cb1e202fe36786",
      "rev_count": 1004030,
      "rev_date": "2026-05-23T18:24:25Z",
      "scrape_date": "2026-05-26T08:36:20.802169Z",
      "stabilities": [
        "staging",
        "unstable"
      ],
      "unfree": false,
      "version": "0.11.16",
      "outputs_to_install": [
        "out"
      ],
      "outputs": {
        "out": "/nix/store/hq1ygvwk5p6w6iyvfqfpvxbwjvi1b2cw-uv-0.11.16"
      },
      "system": "x86_64-linux",
      "group": "toplevel",
      "priority": 5
    }
  ]
}
